
Microsoft Visual Studio Solution File, Format Version 12.00
# Visual Studio Version 16
VisualStudioVersion = 16.0.31829.152
MinimumVisualStudioVersion = 10.0.40219.1
Project("{9A19103F-16F7-4668-BE54-9A1E7A4F7556}") = "CreateBid.WebUI", "CreateBid.WebUI\CreateBid.WebUI.csproj", "{13240585-F6B3-4432-B8D2-611E367F31FA}"
EndProject
Global
	GlobalSection(SolutionConfigurationPlatforms) = preSolution
		Debug|Any CPU = Debug|Any CPU
		Release|Any CPU = Release|Any CPU
	EndGlobalSection
	GlobalSection(ProjectConfigurationPlatforms) = postSolution
		{13240585-F6B3-4432-B8D2-611E367F31FA}.Debug|Any CPU.ActiveCfg = Debug|Any CPU
		{13240585-F6B3-4432-B8D2-611E367F31FA}.Debug|Any CPU.Build.0 = Debug|Any CPU
		{13240585-F6B3-4432-B8D2-611E367F31FA}.Release|Any CPU.ActiveCfg = Release|Any CPU
		{13240585-F6B3-4432-B8D2-611E367F31FA}.Release|Any CPU.Build.0 = Release|Any CPU
	EndGlobalSection
	GlobalSection(SolutionProperties) = preSolution
		HideSolutionNode = FALSE
	EndGlobalSection
	GlobalSection(ExtensibilityGlobals) = postSolution
		SolutionGuid = {D349647F-87C3-4DBC-B078-EE97A962DA08}
	EndGlobalSection
EndGlobal
